{
  "name": "callback-lambda",
  "version": "0.0.0",
  "lockfileVersion": 1,
  "dependencies": {
    "data-access": {
      "version": "file:../../modules/data-access",
      "dependencies": {
        "log": {
          "version": "file:../../modules/log",
          "bundled": true
        }
      }
    }
  }
}
